
Microsoft Visual Studio Solution File, Format Version 12.00
# Visual Studio 2012
Project("{2150E333-8FDC-42A3-9474-1A3956D46DE8}") = "Sources", "Sources", "{C27E3AB0-CFB1-4920-B8E1-43B36B65289A}"
EndProject
Project("{2150E333-8FDC-42A3-9474-1A3956D46DE8}") = "Tests", "Tests", "{668441EA-196D-4196-9F12-AF4020C14D3D}"
EndProject
Project("{2150E333-8FDC-42A3-9474-1A3956D46DE8}") = "Solution Items", "Solution Items", "{525B7784-6BE3-45D3-B176-919FF91EB480}"
	ProjectSection(SolutionItems) = preProject
		..\LICENSE = ..\LICENSE
		..\README.md = ..\README.md
	EndProjectSection
EndProject
Project("{2150E333-8FDC-42A3-9474-1A3956D46DE8}") = ".nuget", ".nuget", "{FE16FD97-147D-4356-8878-6DDDE27D32CA}"
	ProjectSection(SolutionItems) = preProject
		.nuget\NuGet.Config = .nuget\NuGet.Config
		.nuget\NuGet.exe = .nuget\NuGet.exe
		.nuget\NuGet.targets = .nuget\NuGet.targets
	EndProjectSection
EndProject
Project("{FAE04EC0-301F-11D3-BF4B-00C04F79EFBC}") = "Athena.Extensoins", "Athena.Enumerable\Athena.Extensoins.csproj", "{13828F4E-8933-436B-A3F8-310E2D6FAFF1}"
EndProject
Project("{FAE04EC0-301F-11D3-BF4B-00C04F79EFBC}") = "Athena.IoC", "Athena.IoC\Athena.IoC.csproj", "{42B33947-30EB-4C86-B96C-D62AF2E04229}"
EndProject
Project("{FAE04EC0-301F-11D3-BF4B-00C04F79EFBC}") = "Athena.SQLite", "Athena.SQLite\Athena.SQLite.csproj", "{F1653F20-D47D-4F29-8C55-3C835542AF5F}"
EndProject
Project("{FAE04EC0-301F-11D3-BF4B-00C04F79EFBC}") = "Athena.SQLite.Android", "Athena.SQLite.Android\Athena.SQLite.Android.csproj", "{73F7339E-37C2-4102-9E8F-6ECE699BF9E4}"
EndProject
Project("{FAE04EC0-301F-11D3-BF4B-00C04F79EFBC}") = "Athena.SQLite.Entity", "Athena.SQLite.Entity\Athena.SQLite.Entity.csproj", "{0089FA1F-E958-4F72-838A-227565DBBEB7}"
EndProject
Project("{FAE04EC0-301F-11D3-BF4B-00C04F79EFBC}") = "Athena.SQLite.Shell", "Athena.SQLite.Shell\Athena.SQLite.Shell.csproj", "{70818D5F-B802-4DA2-BE28-AAD46C6B5D08}"
EndProject
Project("{FAE04EC0-301F-11D3-BF4B-00C04F79EFBC}") = "Athena.IoC.Tests", "Athena.IoC.Tests\Athena.IoC.Tests.csproj", "{AE9695D6-9D46-422D-B0D5-C755BAC1652D}"
EndProject
Project("{FAE04EC0-301F-11D3-BF4B-00C04F79EFBC}") = "Athena.SQLite.Entity.Tests", "Athena.SQLite.Entity.Tests\Athena.SQLite.Entity.Tests.csproj", "{A7F67799-40B8-4782-9FF1-49CCC15F7EEA}"
EndProject
Project("{FAE04EC0-301F-11D3-BF4B-00C04F79EFBC}") = "Athena.SQLite.Tests", "Athena.SQLite.Tests\Athena.SQLite.Tests.csproj", "{F3C729A0-E4B1-493B-8F9B-8DDE1A5092AD}"
EndProject
Project("{FAE04EC0-301F-11D3-BF4B-00C04F79EFBC}") = "Athena.Mvc", "Athena.Mvc\Athena.Mvc.csproj", "{594EB2D5-6805-4F14-8AEF-B0628A870AAC}"
EndProject
Project("{FAE04EC0-301F-11D3-BF4B-00C04F79EFBC}") = "Athena.Mvc.Tests", "Athena.Mvc.Tests\Athena.Mvc.Tests.csproj", "{7689F2B8-2049-4234-8052-BEC9B5F0D439}"
EndProject
Project("{FAE04EC0-301F-11D3-BF4B-00C04F79EFBC}") = "Athena.Extensions.Tests", "Athena.Extensions.Tests\Athena.Extensions.Tests.csproj", "{A8942139-29BC-4693-996C-66E26BD4EE2D}"
EndProject
Global
	GlobalSection(SolutionConfigurationPlatforms) = preSolution
		Debug|Any CPU = Debug|Any CPU
		Release|Any CPU = Release|Any CPU
	EndGlobalSection
	GlobalSection(ProjectConfigurationPlatforms) = postSolution
		{13828F4E-8933-436B-A3F8-310E2D6FAFF1}.Debug|Any CPU.ActiveCfg = Debug|Any CPU
		{13828F4E-8933-436B-A3F8-310E2D6FAFF1}.Debug|Any CPU.Build.0 = Debug|Any CPU
		{13828F4E-8933-436B-A3F8-310E2D6FAFF1}.Release|Any CPU.ActiveCfg = Release|Any CPU
		{13828F4E-8933-436B-A3F8-310E2D6FAFF1}.Release|Any CPU.Build.0 = Release|Any CPU
		{42B33947-30EB-4C86-B96C-D62AF2E04229}.Debug|Any CPU.ActiveCfg = Debug|Any CPU
		{42B33947-30EB-4C86-B96C-D62AF2E04229}.Debug|Any CPU.Build.0 = Debug|Any CPU
		{42B33947-30EB-4C86-B96C-D62AF2E04229}.Release|Any CPU.ActiveCfg = Release|Any CPU
		{42B33947-30EB-4C86-B96C-D62AF2E04229}.Release|Any CPU.Build.0 = Release|Any CPU
		{F1653F20-D47D-4F29-8C55-3C835542AF5F}.Debug|Any CPU.ActiveCfg = Debug|Any CPU
		{F1653F20-D47D-4F29-8C55-3C835542AF5F}.Debug|Any CPU.Build.0 = Debug|Any CPU
		{F1653F20-D47D-4F29-8C55-3C835542AF5F}.Release|Any CPU.ActiveCfg = Release|Any CPU
		{F1653F20-D47D-4F29-8C55-3C835542AF5F}.Release|Any CPU.Build.0 = Release|Any CPU
		{73F7339E-37C2-4102-9E8F-6ECE699BF9E4}.Debug|Any CPU.ActiveCfg = Debug|Any CPU
		{73F7339E-37C2-4102-9E8F-6ECE699BF9E4}.Debug|Any CPU.Build.0 = Debug|Any CPU
		{73F7339E-37C2-4102-9E8F-6ECE699BF9E4}.Release|Any CPU.ActiveCfg = Release|Any CPU
		{73F7339E-37C2-4102-9E8F-6ECE699BF9E4}.Release|Any CPU.Build.0 = Release|Any CPU
		{0089FA1F-E958-4F72-838A-227565DBBEB7}.Debug|Any CPU.ActiveCfg = Debug|Any CPU
		{0089FA1F-E958-4F72-838A-227565DBBEB7}.Debug|Any CPU.Build.0 = Debug|Any CPU
		{0089FA1F-E958-4F72-838A-227565DBBEB7}.Release|Any CPU.ActiveCfg = Release|Any CPU
		{0089FA1F-E958-4F72-838A-227565DBBEB7}.Release|Any CPU.Build.0 = Release|Any CPU
		{70818D5F-B802-4DA2-BE28-AAD46C6B5D08}.Debug|Any CPU.ActiveCfg = Debug|Any CPU
		{70818D5F-B802-4DA2-BE28-AAD46C6B5D08}.Debug|Any CPU.Build.0 = Debug|Any CPU
		{70818D5F-B802-4DA2-BE28-AAD46C6B5D08}.Release|Any CPU.ActiveCfg = Release|Any CPU
		{70818D5F-B802-4DA2-BE28-AAD46C6B5D08}.Release|Any CPU.Build.0 = Release|Any CPU
		{AE9695D6-9D46-422D-B0D5-C755BAC1652D}.Debug|Any CPU.ActiveCfg = Debug|Any CPU
		{AE9695D6-9D46-422D-B0D5-C755BAC1652D}.Debug|Any CPU.Build.0 = Debug|Any CPU
		{AE9695D6-9D46-422D-B0D5-C755BAC1652D}.Release|Any CPU.ActiveCfg = Release|Any CPU
		{AE9695D6-9D46-422D-B0D5-C755BAC1652D}.Release|Any CPU.Build.0 = Release|Any CPU
		{A7F67799-40B8-4782-9FF1-49CCC15F7EEA}.Debug|Any CPU.ActiveCfg = Debug|Any CPU
		{A7F67799-40B8-4782-9FF1-49CCC15F7EEA}.Debug|Any CPU.Build.0 = Debug|Any CPU
		{A7F67799-40B8-4782-9FF1-49CCC15F7EEA}.Release|Any CPU.ActiveCfg = Release|Any CPU
		{A7F67799-40B8-4782-9FF1-49CCC15F7EEA}.Release|Any CPU.Build.0 = Release|Any CPU
		{F3C729A0-E4B1-493B-8F9B-8DDE1A5092AD}.Debug|Any CPU.ActiveCfg = Debug|Any CPU
		{F3C729A0-E4B1-493B-8F9B-8DDE1A5092AD}.Debug|Any CPU.Build.0 = Debug|Any CPU
		{F3C729A0-E4B1-493B-8F9B-8DDE1A5092AD}.Release|Any CPU.ActiveCfg = Release|Any CPU
		{F3C729A0-E4B1-493B-8F9B-8DDE1A5092AD}.Release|Any CPU.Build.0 = Release|Any CPU
		{594EB2D5-6805-4F14-8AEF-B0628A870AAC}.Debug|Any CPU.ActiveCfg = Debug|Any CPU
		{594EB2D5-6805-4F14-8AEF-B0628A870AAC}.Debug|Any CPU.Build.0 = Debug|Any CPU
		{594EB2D5-6805-4F14-8AEF-B0628A870AAC}.Release|Any CPU.ActiveCfg = Release|Any CPU
		{594EB2D5-6805-4F14-8AEF-B0628A870AAC}.Release|Any CPU.Build.0 = Release|Any CPU
		{7689F2B8-2049-4234-8052-BEC9B5F0D439}.Debug|Any CPU.ActiveCfg = Debug|Any CPU
		{7689F2B8-2049-4234-8052-BEC9B5F0D439}.Debug|Any CPU.Build.0 = Debug|Any CPU
		{7689F2B8-2049-4234-8052-BEC9B5F0D439}.Release|Any CPU.ActiveCfg = Release|Any CPU
		{7689F2B8-2049-4234-8052-BEC9B5F0D439}.Release|Any CPU.Build.0 = Release|Any CPU
		{A8942139-29BC-4693-996C-66E26BD4EE2D}.Debug|Any CPU.ActiveCfg = Debug|Any CPU
		{A8942139-29BC-4693-996C-66E26BD4EE2D}.Debug|Any CPU.Build.0 = Debug|Any CPU
		{A8942139-29BC-4693-996C-66E26BD4EE2D}.Release|Any CPU.ActiveCfg = Release|Any CPU
		{A8942139-29BC-4693-996C-66E26BD4EE2D}.Release|Any CPU.Build.0 = Release|Any CPU
	EndGlobalSection
	GlobalSection(SolutionProperties) = preSolution
		HideSolutionNode = FALSE
	EndGlobalSection
	GlobalSection(NestedProjects) = preSolution
		{13828F4E-8933-436B-A3F8-310E2D6FAFF1} = {C27E3AB0-CFB1-4920-B8E1-43B36B65289A}
		{42B33947-30EB-4C86-B96C-D62AF2E04229} = {C27E3AB0-CFB1-4920-B8E1-43B36B65289A}
		{F1653F20-D47D-4F29-8C55-3C835542AF5F} = {C27E3AB0-CFB1-4920-B8E1-43B36B65289A}
		{73F7339E-37C2-4102-9E8F-6ECE699BF9E4} = {C27E3AB0-CFB1-4920-B8E1-43B36B65289A}
		{0089FA1F-E958-4F72-838A-227565DBBEB7} = {C27E3AB0-CFB1-4920-B8E1-43B36B65289A}
		{70818D5F-B802-4DA2-BE28-AAD46C6B5D08} = {C27E3AB0-CFB1-4920-B8E1-43B36B65289A}
		{594EB2D5-6805-4F14-8AEF-B0628A870AAC} = {C27E3AB0-CFB1-4920-B8E1-43B36B65289A}
		{AE9695D6-9D46-422D-B0D5-C755BAC1652D} = {668441EA-196D-4196-9F12-AF4020C14D3D}
		{A7F67799-40B8-4782-9FF1-49CCC15F7EEA} = {668441EA-196D-4196-9F12-AF4020C14D3D}
		{F3C729A0-E4B1-493B-8F9B-8DDE1A5092AD} = {668441EA-196D-4196-9F12-AF4020C14D3D}
		{7689F2B8-2049-4234-8052-BEC9B5F0D439} = {668441EA-196D-4196-9F12-AF4020C14D3D}
		{A8942139-29BC-4693-996C-66E26BD4EE2D} = {668441EA-196D-4196-9F12-AF4020C14D3D}
	EndGlobalSection
	GlobalSection(ExtensibilityGlobals) = postSolution
		EnterpriseLibraryConfigurationToolBinariesPath = packages\Unity.2.1.505.2\lib\NET35
	EndGlobalSection
EndGlobal
